
Microsoft Visual Studio Solution File, Format Version 12.00
# Visual Studio Version 16
VisualStudioVersion = 16.0.29911.84
MinimumVisualStudioVersion = 10.0.40219.1
Project("{9A19103F-16F7-4668-BE54-9A1E7A4F7556}") = "RomanNumerals", "RomanNumerals.csproj", "{DC6CBFCB-D586-4C94-A244-6BDA1DCB285D}"
EndProject
Global
	GlobalSection(SolutionConfigurationPlatforms) = preSolution
		Debug|Any CPU = Debug|Any CPU
		Release|Any CPU = Release|Any CPU
	EndGlobalSection
	GlobalSection(ProjectConfigurationPlatforms) = postSolution
		{DC6CBFCB-D586-4C94-A244-6BDA1DCB285D}.Debug|Any CPU.ActiveCfg = Debug|Any CPU
		{DC6CBFCB-D586-4C94-A244-6BDA1DCB285D}.Debug|Any CPU.Build.0 = Debug|Any CPU
		{DC6CBFCB-D586-4C94-A244-6BDA1DCB285D}.Release|Any CPU.ActiveCfg = Release|Any CPU
		{DC6CBFCB-D586-4C94-A244-6BDA1DCB285D}.Release|Any CPU.Build.0 = Release|Any CPU
	EndGlobalSection
	GlobalSection(SolutionProperties) = preSolution
		HideSolutionNode = FALSE
	EndGlobalSection
	GlobalSection(ExtensibilityGlobals) = postSolution
		SolutionGuid = {4168C371-789C-4CF1-ADB1-399FFA59378F}
	EndGlobalSection
EndGlobal
